{
	"name": "drop-modules",
	"version": "1.0.8",
	"lockfileVersion": 3,
	"requires": true,
	"packages": {
		"": {
			"name": "drop-modules",
			"version": "1.0.8",
			"hasInstallScript": true,
			"license": "ISC",
			"dependencies": {
				"drop-modules": "^1.0.8"
			},
			"bin": {
				"drop-modules": "index.js"
			}
		},
		"node_modules/drop-modules": {
			"version": "1.0.8",
			"resolved": "https://registry.npmjs.org/drop-modules/-/drop-modules-1.0.8.tgz",
			"integrity": "sha512-v8QRu26CWCQg5YIkCSVcBTxPYpw6/hFiBwsZtwwDT8r5E0dtIGTmh3BaxVsFLMhGWFCrP+3mVzWvyF5XRplbqQ==",
			"hasInstallScript": true,
			"license": "ISC",
			"bin": {
				"drop-modules": "index.js"
			}
		}
	}
}
